// !$*UTF8*$!
{
 archiveVersion = 1;
 classes = {};
 objectVersion = 77;
 objects = {
  6A5C91FD30574FE300798D0C = {isa = PBXFileReference; explicitFileType = wrapper.application; includeInIndex = 0; path = Shot.app; sourceTree = BUILT_PRODUCTS_DIR;};
  6A5C91FF30574FE300798D0C = {isa = PBXFileSystemSynchronizedRootGroup; path = Shot; sourceTree = "<group>";};
  6A5C91FA30574FE300798D0C = {isa = PBXFrameworksBuildPhase; buildActionMask = 2147483647; files = (); runOnlyForDeploymentPostprocessing = 0;};
  6A5C91FB30574FE300798D0C = {isa = PBXResourcesBuildPhase; buildActionMask = 2147483647; files = (); runOnlyForDeploymentPostprocessing = 0;};
  6A5C91F930574FE300798D0C = {isa = PBXSourcesBuildPhase; buildActionMask = 2147483647; files = (); runOnlyForDeploymentPostprocessing = 0;};
  6A5C91F430574FE200798D0C = {isa = PBXGroup; children = (6A5C91FF30574FE300798D0C, 6A5C91FE30574FE300798D0C); sourceTree = "<group>";};
  6A5C91FE30574FE300798D0C = {isa = PBXGroup; children = (6A5C91FD30574FE300798D0C); name = Products; sourceTree = "<group>";};
  6A5C91FC30574FE300798D0C = {isa = PBXNativeTarget; buildConfigurationList = 6A5C920830574FE800798D0C; buildPhases = (6A5C91F930574FE300798D0C, 6A5C91FA30574FE300798D0C, 6A5C91FB30574FE300798D0C); buildRules = (); dependencies = (); fileSystemSynchronizedGroups = (6A5C91FF30574FE300798D0C); name = Shot; packageProductDependencies = (); productName = Shot; productReference = 6A5C91FD30574FE300798D0C; productType = "com.apple.product-type.application";};
  6A5C91F530574FE300798D0C = {isa = PBXProject; attributes = {BuildIndependentTargetsInParallel = 1; LastSwiftUpdateCheck = 2630; LastUpgradeCheck = 2630;}; buildConfigurationList = 6A5C91F830574FE300798D0C; developmentRegion = en; knownRegions = (en, Base); mainGroup = 6A5C91F430574FE200798D0C; minimizedProjectReferenceProxies = 1; preferredProjectObjectVersion = 77; productRefGroup = 6A5C91FE30574FE300798D0C; projectDirPath = ""; projectRoot = ""; targets = (6A5C91FC30574FE300798D0C);};
  6A5C920630574FE800798D0C = {isa = XCBuildConfiguration; buildSettings = {ALWAYS_SEARCH_USER_PATHS = NO; DEVELOPMENT_TEAM = YQ8DV7QSEG; IPHONEOS_DEPLOYMENT_TARGET = 18.0; SDKROOT = iphoneos; SWIFT_VERSION = 5.0;}; name = Debug;};
  6A5C920730574FE800798D0C = {isa = XCBuildConfiguration; buildSettings = {ALWAYS_SEARCH_USER_PATHS = NO; DEVELOPMENT_TEAM = YQ8DV7QSEG; IPHONEOS_DEPLOYMENT_TARGET = 18.0; SDKROOT = iphoneos; SWIFT_VERSION = 5.0;}; name = Release;};
  6A5C920930574FE800798D0C = {isa = XCBuildConfiguration; buildSettings = {ALWAYS_SEARCH_USER_PATHS = NO; CODE_SIGN_STYLE = Automatic; CURRENT_PROJECT_VERSION = 1; DEVELOPMENT_TEAM = YQ8DV7QSEG; GENERATE_INFOPLIST_FILE = YES; INFOPLIST_KEY_NSCameraUsageDescription = "Shot needs camera access to record timelapses and dual-camera video"; INFOPLIST_KEY_NSMicrophoneUsageDescription = "Shot needs microphone access for audio during recordings"; INFOPLIST_KEY_NSPhotoLibraryAddUsageDescription = "Shot needs access to save your timelapse videos and photos to your library"; INFOPLIST_KEY_UIRequiresFullScreen = YES; INFOPLIST_KEY_UILaunchScreen_Generation = YES; INFOPLIST_KEY_UISupportedInterfaceOrientations_iPad = "UIInterfaceOrientationPortrait UIInterfaceOrientationPortraitUpsideDown UIInterfaceOrientationLandscapeLeft UIInterfaceOrientationLandscapeRight"; INFOPLIST_KEY_UISupportedInterfaceOrientations_iPhone = "UIInterfaceOrientationPortrait UIInterfaceOrientationLandscapeLeft UIInterfaceOrientationLandscapeRight"; MARKETING_VERSION = 1.0; PRODUCT_BUNDLE_IDENTIFIER = com.daveytodd.Shot; PRODUCT_NAME = "$(TARGET_NAME)"; SWIFT_VERSION = 5.0; TARGETED_DEVICE_FAMILY = "1,2";}; name = Debug;};
  6A5C920A30574FE800798D0C = {isa = XCBuildConfiguration; buildSettings = {ALWAYS_SEARCH_USER_PATHS = NO; CODE_SIGN_STYLE = Automatic; CURRENT_PROJECT_VERSION = 1; DEVELOPMENT_TEAM = YQ8DV7QSEG; GENERATE_INFOPLIST_FILE = YES; INFOPLIST_KEY_NSCameraUsageDescription = "Shot needs camera access to record timelapses and dual-camera video"; INFOPLIST_KEY_NSMicrophoneUsageDescription = "Shot needs microphone access for audio during recordings"; INFOPLIST_KEY_NSPhotoLibraryAddUsageDescription = "Shot needs access to save your timelapse videos and photos to your library"; INFOPLIST_KEY_UIRequiresFullScreen = YES; INFOPLIST_KEY_UILaunchScreen_Generation = YES; INFOPLIST_KEY_UISupportedInterfaceOrientations_iPad = "UIInterfaceOrientationPortrait UIInterfaceOrientationPortraitUpsideDown UIInterfaceOrientationLandscapeLeft UIInterfaceOrientationLandscapeRight"; INFOPLIST_KEY_UISupportedInterfaceOrientations_iPhone = "UIInterfaceOrientationPortrait UIInterfaceOrientationLandscapeLeft UIInterfaceOrientationLandscapeRight"; MARKETING_VERSION = 1.0; PRODUCT_BUNDLE_IDENTIFIER = com.daveytodd.Shot; PRODUCT_NAME = "$(TARGET_NAME)"; SWIFT_VERSION = 5.0; TARGETED_DEVICE_FAMILY = "1,2";}; name = Release;};
  6A5C91F830574FE300798D0C = {isa = XCConfigurationList; buildConfigurations = (6A5C920630574FE800798D0C, 6A5C920730574FE800798D0C); defaultConfigurationIsVisible = 0; defaultConfigurationName = Release;};
  6A5C920830574FE800798D0C = {isa = XCConfigurationList; buildConfigurations = (6A5C920930574FE800798D0C, 6A5C920A30574FE800798D0C); defaultConfigurationIsVisible = 0; defaultConfigurationName = Release;};
 };
 rootObject = 6A5C91F530574FE300798D0C;
}
